
Microsoft Visual Studio Solution File, Format Version 12.00
# Visual Studio Version 17
VisualStudioVersion = 17.3.32929.385
MinimumVisualStudioVersion = 10.0.40219.1
Project("{9A19103F-16F7-4668-BE54-9A1E7A4F7556}") = "Microsoft.EntityFrameworkCore.PersistenceApi", "Microsoft.EntityFrameworkCore.PersistenceApi\Microsoft.EntityFrameworkCore.PersistenceApi.csproj", "{B8A9501B-582D-4C94-90E9-413371AF41A6}"
EndProject
Project("{FAE04EC0-301F-11D3-BF4B-00C04F79EFBC}") = "Microsoft.EntityFrameworkCore.WebApplication", "Microsoft.EntityFrameworkCore.WebApplication\Microsoft.EntityFrameworkCore.WebApplication.csproj", "{B4BAF9E7-965E-4CCB-8737-959A59EF2D9A}"
EndProject
Global
	GlobalSection(SolutionConfigurationPlatforms) = preSolution
		Debug|Any CPU = Debug|Any CPU
		Release|Any CPU = Release|Any CPU
	EndGlobalSection
	GlobalSection(ProjectConfigurationPlatforms) = postSolution
		{B8A9501B-582D-4C94-90E9-413371AF41A6}.Debug|Any CPU.ActiveCfg = Debug|Any CPU
		{B8A9501B-582D-4C94-90E9-413371AF41A6}.Debug|Any CPU.Build.0 = Debug|Any CPU
		{B8A9501B-582D-4C94-90E9-413371AF41A6}.Release|Any CPU.ActiveCfg = Release|Any CPU
		{B8A9501B-582D-4C94-90E9-413371AF41A6}.Release|Any CPU.Build.0 = Release|Any CPU
		{B4BAF9E7-965E-4CCB-8737-959A59EF2D9A}.Debug|Any CPU.ActiveCfg = Debug|Any CPU
		{B4BAF9E7-965E-4CCB-8737-959A59EF2D9A}.Debug|Any CPU.Build.0 = Debug|Any CPU
		{B4BAF9E7-965E-4CCB-8737-959A59EF2D9A}.Release|Any CPU.ActiveCfg = Release|Any CPU
		{B4BAF9E7-965E-4CCB-8737-959A59EF2D9A}.Release|Any CPU.Build.0 = Release|Any CPU
	EndGlobalSection
	GlobalSection(SolutionProperties) = preSolution
		HideSolutionNode = FALSE
	EndGlobalSection
	GlobalSection(ExtensibilityGlobals) = postSolution
		SolutionGuid = {CC466037-5AEE-4DBD-B36E-5A9BCF77E92F}
	EndGlobalSection
EndGlobal
